// !$*UTF8*$!
{
	archiveVersion = 1;
	classes = {
	};
	objectVersion = 56;
	objects = {

/* Begin PBXBuildFile section */
		370100FA292E3EA700C2D190 /* GoogleService-Info.plist in Resources */ = {isa = PBXBuildFile; fileRef = 370100F9292E3EA700C2D190 /* GoogleService-Info.plist */; };
		370100FD292E43CD00C2D190 /* FirebaseAuth in Frameworks */ = {isa = PBXBuildFile; productRef = 370100FC292E43CD00C2D190 /* FirebaseAuth */; };
		370100FF292E43CD00C2D190 /* FirebaseFirestoreSwift in Frameworks */ = {isa = PBXBuildFile; productRef = 370100FE292E43CD00C2D190 /* FirebaseFirestoreSwift */; };
		37010101292E43CD00C2D190 /* FirebaseStorage in Frameworks */ = {isa = PBXBuildFile; productRef = 37010100292E43CD00C2D190 /* FirebaseStorage */; };
		37010103292E457900C2D190 /* LoginViewController.swift in Sources */ = {isa = PBXBuildFile; fileRef = 37010102292E457900C2D190 /* LoginViewController.swift */; };
		37010105292E71F700C2D190 /* User.swift in Sources */ = {isa = PBXBuildFile; fileRef = 37010104292E71F700C2D190 /* User.swift */; };
		37298C7B2921E72E008543BE /* Finance.swift in Sources */ = {isa = PBXBuildFile; fileRef = 37298C7A2921E72E008543BE /* Finance.swift */; };
		3729D99229253B1900B09056 /* ExpenseTableViewCell.swift in Sources */ = {isa = PBXBuildFile; fileRef = 3729D99129253B1900B09056 /* ExpenseTableViewCell.swift */; };
		373B06B729261E7800329EEC /* Enums.swift in Sources */ = {isa = PBXBuildFile; fileRef = 373B06B629261E7800329EEC /* Enums.swift */; };
		373B06BA2926280300329EEC /* Charts in Frameworks */ = {isa = PBXBuildFile; productRef = 373B06B92926280300329EEC /* Charts */; };
		373B06BC2926286D00329EEC /* AnalyzeTableViewController.swift in Sources */ = {isa = PBXBuildFile; fileRef = 373B06BB2926286D00329EEC /* AnalyzeTableViewController.swift */; };
		373B06BE2926287E00329EEC /* AnalyzeTableViewCell.swift in Sources */ = {isa = PBXBuildFile; fileRef = 373B06BD2926287E00329EEC /* AnalyzeTableViewCell.swift */; };
		379B09B82921D99200FD32B0 /* AppDelegate.swift in Sources */ = {isa = PBXBuildFile; fileRef = 379B09B72921D99200FD32B0 /* AppDelegate.swift */; };
		379B09BA2921D99200FD32B0 /* SceneDelegate.swift in Sources */ = {isa = PBXBuildFile; fileRef = 379B09B92921D99200FD32B0 /* SceneDelegate.swift */; };
		379B09BF2921D99200FD32B0 /* Main.storyboard in Resources */ = {isa = PBXBuildFile; fileRef = 379B09BD2921D99200FD32B0 /* Main.storyboard */; };
		379B09C22921D99200FD32B0 /* WeRemember.xcdatamodeld in Sources */ = {isa = PBXBuildFile; fileRef = 379B09C02921D99200FD32B0 /* WeRemember.xcdatamodeld */; };
		379B09C42921D99200FD32B0 /* Assets.xcassets in Resources */ = {isa = PBXBuildFile; fileRef = 379B09C32921D99200FD32B0 /* Assets.xcassets */; };
		379B09C72921D99200FD32B0 /* LaunchScreen.storyboard in Resources */ = {isa = PBXBuildFile; fileRef = 379B09C52921D99200FD32B0 /* LaunchScreen.storyboard */; };
		379B09D42921DA2800FD32B0 /* AddTableViewController.swift in Sources */ = {isa = PBXBuildFile; fileRef = 379B09D32921DA2800FD32B0 /* AddTableViewController.swift */; };
		379B09D62921DEB100FD32B0 /* MainViewController.swift in Sources */ = {isa = PBXBuildFile; fileRef = 379B09D52921DEB100FD32B0 /* MainViewController.swift */; };
/* End PBXBuildFile section */

/* Begin PBXFileReference section */
		370100F9292E3EA700C2D190 /* GoogleService-Info.plist */ = {isa = PBXFileReference; fileEncoding = 4; lastKnownFileType = text.plist.xml; path = "GoogleService-Info.plist"; sourceTree = "<group>"; };
		37010102292E457900C2D190 /* LoginViewController.swift */ = {isa = PBXFileReference; lastKnownFileType = sourcecode.swift; path = LoginViewController.swift; sourceTree = "<group>"; };
		37010104292E71F700C2D190 /* User.swift */ = {isa = PBXFileReference; lastKnownFileType = sourcecode.swift; path = User.swift; sourceTree = "<group>"; };
		37298C7A2921E72E008543BE /* Finance.swift */ = {isa = PBXFileReference; lastKnownFileType = sourcecode.swift; path = Finance.swift; sourceTree = "<group>"; };
		3729D99129253B1900B09056 /* ExpenseTableViewCell.swift */ = {isa = PBXFileReference; lastKnownFileType = sourcecode.swift; path = ExpenseTableViewCell.swift; sourceTree = "<group>"; };
		373B06B629261E7800329EEC /* Enums.swift */ = {isa = PBXFileReference; fileEncoding = 4; lastKnownFileType = sourcecode.swift; path = Enums.swift; sourceTree = "<group>"; };
		373B06BB2926286D00329EEC /* AnalyzeTableViewController.swift */ = {isa = PBXFileReference; lastKnownFileType = sourcecode.swift; path = AnalyzeTableViewController.swift; sourceTree = "<group>"; };
		373B06BD2926287E00329EEC /* AnalyzeTableViewCell.swift */ = {isa = PBXFileReference; lastKnownFileType = sourcecode.swift; path = AnalyzeTableViewCell.swift; sourceTree = "<group>"; };
		379B09B42921D99200FD32B0 /* WeRemember.app */ = {isa = PBXFileReference; explicitFileType = wrapper.application; includeInIndex = 0; path = WeRemember.app; sourceTree = BUILT_PRODUCTS_DIR; };
		379B09B72921D99200FD32B0 /* AppDelegate.swift */ = {isa = PBXFileReference; lastKnownFileType = sourcecode.swift; path = AppDelegate.swift; sourceTree = "<group>"; };
		379B09B92921D99200FD32B0 /* SceneDelegate.swift */ = {isa = PBXFileReference; lastKnownFileType = sourcecode.swift; path = SceneDelegate.swift; sourceTree = "<group>"; };
		379B09BE2921D99200FD32B0 /* Base */ = {isa = PBXFileReference; lastKnownFileType = file.storyboard; name = Base; path = Base.lproj/Main.storyboard; sourceTree = "<group>"; };
		379B09C12921D99200FD32B0 /* WeRemember.xcdatamodel */ = {isa = PBXFileReference; lastKnownFileType = wrapper.xcdatamodel; path = WeRemember.xcdatamodel; sourceTree = "<group>"; };
		379B09C32921D99200FD32B0 /* Assets.xcassets */ = {isa = PBXFileReference; lastKnownFileType = folder.assetcatalog; path = Assets.xcassets; sourceTree = "<group>"; };
		379B09C62921D99200FD32B0 /* Base */ = {isa = PBXFileReference; lastKnownFileType = file.storyboard; name = Base; path = Base.lproj/LaunchScreen.storyboard; sourceTree = "<group>"; };
		379B09C82921D99200FD32B0 /* Info.plist */ = {isa = PBXFileReference; lastKnownFileType = text.plist.xml; path = Info.plist; sourceTree = "<group>"; };
		379B09D32921DA2800FD32B0 /* AddTableViewController.swift */ = {isa = PBXFileReference; lastKnownFileType = sourcecode.swift; path = AddTableViewController.swift; sourceTree = "<group>"; };
		379B09D52921DEB100FD32B0 /* MainViewController.swift */ = {isa = PBXFileReference; lastKnownFileType = sourcecode.swift; path = MainViewController.swift; sourceTree = "<group>"; };
/* End PBXFileReference section */

/* Begin PBXFrameworksBuildPhase section */
		379B09B12921D99200FD32B0 /* Frameworks */ = {
			isa = PBXFrameworksBuildPhase;
			buildActionMask = 2147483647;
			files = (
				373B06BA2926280300329EEC /* Charts in Frameworks */,
				37010101292E43CD00C2D190 /* FirebaseStorage in Frameworks */,
				370100FD292E43CD00C2D190 /* FirebaseAuth in Frameworks */,
				370100FF292E43CD00C2D190 /* FirebaseFirestoreSwift in Frameworks */,
			);
			runOnlyForDeploymentPostprocessing = 0;
		};
/* End PBXFrameworksBuildPhase section */

/* Begin PBXGroup section */
		37298C7C2921E753008543BE /* Model */ = {
			isa = PBXGroup;
			children = (
				37298C7A2921E72E008543BE /* Finance.swift */,
				373B06B629261E7800329EEC /* Enums.swift */,
				37010104292E71F700C2D190 /* User.swift */,
			);
			path = Model;
			sourceTree = "<group>";
		};
		37505BB52924B10D001F5ADE /* View */ = {
			isa = PBXGroup;
			children = (
				3729D99129253B1900B09056 /* ExpenseTableViewCell.swift */,
				373B06BD2926287E00329EEC /* AnalyzeTableViewCell.swift */,
			);
			path = View;
			sourceTree = "<group>";
		};
		379B09AB2921D99200FD32B0 = {
			isa = PBXGroup;
			children = (
				379B09B62921D99200FD32B0 /* WeRemember */,
				379B09B52921D99200FD32B0 /* Products */,
			);
			sourceTree = "<group>";
		};
		379B09B52921D99200FD32B0 /* Products */ = {
			isa = PBXGroup;
			children = (
				379B09B42921D99200FD32B0 /* WeRemember.app */,
			);
			name = Products;
			sourceTree = "<group>";
		};
		379B09B62921D99200FD32B0 /* WeRemember */ = {
			isa = PBXGroup;
			children = (
				379B09B72921D99200FD32B0 /* AppDelegate.swift */,
				379B09B92921D99200FD32B0 /* SceneDelegate.swift */,
				37298C7C2921E753008543BE /* Model */,
				37505BB52924B10D001F5ADE /* View */,
				379B09D22921DA0E00FD32B0 /* View Controller */,
				379B09BD2921D99200FD32B0 /* Main.storyboard */,
				379B09C32921D99200FD32B0 /* Assets.xcassets */,
				379B09C52921D99200FD32B0 /* LaunchScreen.storyboard */,
				379B09C82921D99200FD32B0 /* Info.plist */,
				379B09C02921D99200FD32B0 /* WeRemember.xcdatamodeld */,
				370100F9292E3EA700C2D190 /* GoogleService-Info.plist */,
			);
			path = WeRemember;
			sourceTree = "<group>";
		};
		379B09D22921DA0E00FD32B0 /* View Controller */ = {
			isa = PBXGroup;
			children = (
				37010102292E457900C2D190 /* LoginViewController.swift */,
				379B09D52921DEB100FD32B0 /* MainViewController.swift */,
				379B09D32921DA2800FD32B0 /* AddTableViewController.swift */,
				373B06BB2926286D00329EEC /* AnalyzeTableViewController.swift */,
			);
			path = "View Controller";
			sourceTree = "<group>";
		};
/* End PBXGroup section */

/* Begin PBXNativeTarget section */
		379B09B32921D99200FD32B0 /* WeRemember */ = {
			isa = PBXNativeTarget;
			buildConfigurationList = 379B09CB2921D99200FD32B0 /* Build configuration list for PBXNativeTarget "WeRemember" */;
			buildPhases = (
				379B09B02921D99200FD32B0 /* Sources */,
				379B09B12921D99200FD32B0 /* Frameworks */,
				379B09B22921D99200FD32B0 /* Resources */,
			);
			buildRules = (
			);
			dependencies = (
			);
			name = WeRemember;
			packageProductDependencies = (
				373B06B92926280300329EEC /* Charts */,
				370100FC292E43CD00C2D190 /* FirebaseAuth */,
				370100FE292E43CD00C2D190 /* FirebaseFirestoreSwift */,
				37010100292E43CD00C2D190 /* FirebaseStorage */,
			);
			productName = WeRemember;
			productReference = 379B09B42921D99200FD32B0 /* WeRemember.app */;
			productType = "com.apple.product-type.application";
		};
/* End PBXNativeTarget section */

/* Begin PBXProject section */
		379B09AC2921D99200FD32B0 /* Project object */ = {
			isa = PBXProject;
			attributes = {
				BuildIndependentTargetsInParallel = 1;
				LastSwiftUpdateCheck = 1400;
				LastUpgradeCheck = 1400;
				TargetAttributes = {
					379B09B32921D99200FD32B0 = {
						CreatedOnToolsVersion = 14.0;
					};
				};
			};
			buildConfigurationList = 379B09AF2921D99200FD32B0 /* Build configuration list for PBXProject "WeRemember" */;
			compatibilityVersion = "Xcode 14.0";
			developmentRegion = en;
			hasScannedForEncodings = 0;
			knownRegions = (
				en,
				Base,
			);
			mainGroup = 379B09AB2921D99200FD32B0;
			packageReferences = (
				373B06B82926280300329EEC /* XCRemoteSwiftPackageReference "Charts" */,
				370100FB292E43CD00C2D190 /* XCRemoteSwiftPackageReference "firebase-ios-sdk" */,
			);
			productRefGroup = 379B09B52921D99200FD32B0 /* Products */;
			projectDirPath = "";
			projectRoot = "";
			targets = (
				379B09B32921D99200FD32B0 /* WeRemember */,
			);
		};
/* End PBXProject section */

/* Begin PBXResourcesBuildPhase section */
		379B09B22921D99200FD32B0 /* Resources */ = {
			isa = PBXResourcesBuildPhase;
			buildActionMask = 2147483647;
			files = (
				379B09C72921D99200FD32B0 /* LaunchScreen.storyboard in Resources */,
				370100FA292E3EA700C2D190 /* GoogleService-Info.plist in Resources */,
				379B09C42921D99200FD32B0 /* Assets.xcassets in Resources */,
				379B09BF2921D99200FD32B0 /* Main.storyboard in Resources */,
			);
			runOnlyForDeploymentPostprocessing = 0;
		};
/* End PBXResourcesBuildPhase section */

/* Begin PBXSourcesBuildPhase section */
		379B09B02921D99200FD32B0 /* Sources */ = {
			isa = PBXSourcesBuildPhase;
			buildActionMask = 2147483647;
			files = (
				373B06BE2926287E00329EEC /* AnalyzeTableViewCell.swift in Sources */,
				379B09B82921D99200FD32B0 /* AppDelegate.swift in Sources */,
				379B09C22921D99200FD32B0 /* WeRemember.xcdatamodeld in Sources */,
				3729D99229253B1900B09056 /* ExpenseTableViewCell.swift in Sources */,
				379B09BA2921D99200FD32B0 /* SceneDelegate.swift in Sources */,
				379B09D42921DA2800FD32B0 /* AddTableViewController.swift in Sources */,
				37298C7B2921E72E008543BE /* Finance.swift in Sources */,
				373B06B729261E7800329EEC /* Enums.swift in Sources */,
				37010105292E71F700C2D190 /* User.swift in Sources */,
				373B06BC2926286D00329EEC /* AnalyzeTableViewController.swift in Sources */,
				379B09D62921DEB100FD32B0 /* MainViewController.swift in Sources */,
				37010103292E457900C2D190 /* LoginViewController.swift in Sources */,
			);
			runOnlyForDeploymentPostprocessing = 0;
		};
/* End PBXSourcesBuildPhase section */

/* Begin PBXVariantGroup section */
		379B09BD2921D99200FD32B0 /* Main.storyboard */ = {
			isa = PBXVariantGroup;
			children = (
				379B09BE2921D99200FD32B0 /* Base */,
			);
			name = Main.storyboard;
			sourceTree = "<group>";
		};
		379B09C52921D99200FD32B0 /* LaunchScreen.storyboard */ = {
			isa = PBXVariantGroup;
			children = (
				379B09C62921D99200FD32B0 /* Base */,
			);
			name = LaunchScreen.storyboard;
			sourceTree = "<group>";
		};
/* End PBXVariantGroup section */

/* Begin XCBuildConfiguration section */
		379B09C92921D99200FD32B0 /* Debug */ = {
			isa = XCBuildConfiguration;
			buildSettings = {
				ALWAYS_SEARCH_USER_PATHS = NO;
				CLANG_ANALYZER_NONNULL = YES;
				CLANG_ANALYZER_NUMBER_OBJECT_CONVERSION = YES_AGGRESSIVE;
				CLANG_CXX_LANGUAGE_STANDARD = "gnu++20";
				CLANG_ENABLE_MODULES = YES;
				CLANG_ENABLE_OBJC_ARC = YES;
				CLANG_ENABLE_OBJC_WEAK = YES;
				CLANG_WARN_BLOCK_CAPTURE_AUTORELEASING = YES;
				CLANG_WARN_BOOL_CONVERSION = YES;
				CLANG_WARN_COMMA = YES;
				CLANG_WARN_CONSTANT_CONVERSION = YES;
				CLANG_WARN_DEPRECATED_OBJC_IMPLEMENTATIONS = YES;
				CLANG_WARN_DIRECT_OBJC_ISA_USAGE = YES_ERROR;
				CLANG_WARN_DOCUMENTATION_COMMENTS = YES;
				CLANG_WARN_EMPTY_BODY = YES;
				CLANG_WARN_ENUM_CONVERSION = YES;
				CLANG_WARN_INFINITE_RECURSION = YES;
				CLANG_WARN_INT_CONVERSION = YES;
				CLANG_WARN_NON_LITERAL_NULL_CONVERSION = YES;
				CLANG_WARN_OBJC_IMPLICIT_RETAIN_SELF = YES;
				CLANG_WARN_OBJC_LITERAL_CONVERSION = YES;
				CLANG_WARN_OBJC_ROOT_CLASS = YES_ERROR;
				CLANG_WARN_QUOTED_INCLUDE_IN_FRAMEWORK_HEADER = YES;
				CLANG_WARN_RANGE_LOOP_ANALYSIS = YES;
				CLANG_WARN_STRICT_PROTOTYPES = YES;
				CLANG_WARN_SUSPICIOUS_MOVE = YES;
				CLANG_WARN_UNGUARDED_AVAILABILITY = YES_AGGRESSIVE;
				CLANG_WARN_UNREACHABLE_CODE = YES;
				CLANG_WARN__DUPLICATE_METHOD_MATCH = YES;
				COPY_PHASE_STRIP = NO;
				DEBUG_INFORMATION_FORMAT = dwarf;
				ENABLE_STRICT_OBJC_MSGSEND = YES;
				ENABLE_TESTABILITY = YES;
				GCC_C_LANGUAGE_STANDARD = gnu11;
				GCC_DYNAMIC_NO_PIC = NO;
				GCC_NO_COMMON_BLOCKS = YES;
				GCC_OPTIMIZATION_LEVEL = 0;
				GCC_PREPROCESSOR_DEFINITIONS = (
					"DEBUG=1",
					"$(inherited)",
				);
				GCC_WARN_64_TO_32_BIT_CONVERSION = YES;
				GCC_WARN_ABOUT_RETURN_TYPE = YES_ERROR;
				GCC_WARN_UNDECLARED_SELECTOR = YES;
				GCC_WARN_UNINITIALIZED_AUTOS = YES_AGGRESSIVE;
				GCC_WARN_UNUSED_FUNCTION = YES;
				GCC_WARN_UNUSED_VARIABLE = YES;
				IPHONEOS_DEPLOYMENT_TARGET = 16.0;
				MTL_ENABLE_DEBUG_INFO = INCLUDE_SOURCE;
				MTL_FAST_MATH = YES;
				ONLY_ACTIVE_ARCH = YES;
				SDKROOT = iphoneos;
				SWIFT_ACTIVE_COMPILATION_CONDITIONS = DEBUG;
				SWIFT_OPTIMIZATION_LEVEL = "-Onone";
			};
			name = Debug;
		};
		379B09CA2921D99200FD32B0 /* Release */ = {
			isa = XCBuildConfiguration;
			buildSettings = {
				ALWAYS_SEARCH_USER_PATHS = NO;
				CLANG_ANALYZER_NONNULL = YES;
				CLANG_ANALYZER_NUMBER_OBJECT_CONVERSION = YES_AGGRESSIVE;
				CLANG_CXX_LANGUAGE_STANDARD = "gnu++20";
				CLANG_ENABLE_MODULES = YES;
				CLANG_ENABLE_OBJC_ARC = YES;
				CLANG_ENABLE_OBJC_WEAK = YES;
				CLANG_WARN_BLOCK_CAPTURE_AUTORELEASING = YES;
				CLANG_WARN_BOOL_CONVERSION = YES;
				CLANG_WARN_COMMA = YES;
				CLANG_WARN_CONSTANT_CONVERSION = YES;
				CLANG_WARN_DEPRECATED_OBJC_IMPLEMENTATIONS = YES;
				CLANG_WARN_DIRECT_OBJC_ISA_USAGE = YES_ERROR;
				CLANG_WARN_DOCUMENTATION_COMMENTS = YES;
				CLANG_WARN_EMPTY_BODY = YES;
				CLANG_WARN_ENUM_CONVERSION = YES;
				CLANG_WARN_INFINITE_RECURSION = YES;
				CLANG_WARN_INT_CONVERSION = YES;
				CLANG_WARN_NON_LITERAL_NULL_CONVERSION = YES;
				CLANG_WARN_OBJC_IMPLICIT_RETAIN_SELF = YES;
				CLANG_WARN_OBJC_LITERAL_CONVERSION = YES;
				CLANG_WARN_OBJC_ROOT_CLASS = YES_ERROR;
				CLANG_WARN_QUOTED_INCLUDE_IN_FRAMEWORK_HEADER = YES;
				CLANG_WARN_RANGE_LOOP_ANALYSIS = YES;
				CLANG_WARN_STRICT_PROTOTYPES = YES;
				CLANG_WARN_SUSPICIOUS_MOVE = YES;
				CLANG_WARN_UNGUARDED_AVAILABILITY = YES_AGGRESSIVE;
				CLANG_WARN_UNREACHABLE_CODE = YES;
				CLANG_WARN__DUPLICATE_METHOD_MATCH = YES;
				COPY_PHASE_STRIP = NO;
				DEBUG_INFORMATION_FORMAT = "dwarf-with-dsym";
				ENABLE_NS_ASSERTIONS = NO;
				ENABLE_STRICT_OBJC_MSGSEND = YES;
				GCC_C_LANGUAGE_STANDARD = gnu11;
				GCC_NO_COMMON_BLOCKS = YES;
				GCC_WARN_64_TO_32_BIT_CONVERSION = YES;
				GCC_WARN_ABOUT_RETURN_TYPE = YES_ERROR;
				GCC_WARN_UNDECLARED_SELECTOR = YES;
				GCC_WARN_UNINITIALIZED_AUTOS = YES_AGGRESSIVE;
				GCC_WARN_UNUSED_FUNCTION = YES;
				GCC_WARN_UNUSED_VARIABLE = YES;
				IPHONEOS_DEPLOYMENT_TARGET = 16.0;
				MTL_ENABLE_DEBUG_INFO = NO;
				MTL_FAST_MATH = YES;
				SDKROOT = iphoneos;
				SWIFT_COMPILATION_MODE = wholemodule;
				SWIFT_OPTIMIZATION_LEVEL = "-O";
				VALIDATE_PRODUCT = YES;
			};
			name = Release;
		};
		379B09CC2921D99200FD32B0 /* Debug */ = {
			isa = XCBuildConfiguration;
			buildSettings = {
				ASSETCATALOG_COMPILER_APPICON_NAME = AppIcon;
				ASSETCATALOG_COMPILER_GLOBAL_ACCENT_COLOR_NAME = AccentColor;
				CODE_SIGN_STYLE = Automatic;
				CURRENT_PROJECT_VERSION = 1;
				DEVELOPMENT_TEAM = XQJ9FBTXC8;
				GENERATE_INFOPLIST_FILE = YES;
				INFOPLIST_FILE = WeRemember/Info.plist;
				INFOPLIST_KEY_UIApplicationSupportsIndirectInputEvents = YES;
				INFOPLIST_KEY_UILaunchStoryboardName = LaunchScreen;
				INFOPLIST_KEY_UIMainStoryboardFile = Main;
				INFOPLIST_KEY_UISupportedInterfaceOrientations_iPad = "UIInterfaceOrientationPortrait UIInterfaceOrientationPortraitUpsideDown UIInterfaceOrientationLandscapeLeft UIInterfaceOrientationLandscapeRight";
				INFOPLIST_KEY_UISupportedInterfaceOrientations_iPhone = "UIInterfaceOrientationPortrait UIInterfaceOrientationLandscapeLeft UIInterfaceOrientationLandscapeRight";
				LD_RUNPATH_SEARCH_PATHS = (
					"$(inherited)",
					"@executable_path/Frameworks",
				);
				MARKETING_VERSION = 1.0;
				PRODUCT_BUNDLE_IDENTIFIER = com.alicelee.weremember;
				PRODUCT_NAME = "$(TARGET_NAME)";
				SWIFT_EMIT_LOC_STRINGS = YES;
				SWIFT_VERSION = 5.0;
				TARGETED_DEVICE_FAMILY = "1,2";
			};
			name = Debug;
		};
		379B09CD2921D99200FD32B0 /* Release */ = {
			isa = XCBuildConfiguration;
			buildSettings = {
				ASSETCATALOG_COMPILER_APPICON_NAME = AppIcon;
				ASSETCATALOG_COMPILER_GLOBAL_ACCENT_COLOR_NAME = AccentColor;
				CODE_SIGN_STYLE = Automatic;
				CURRENT_PROJECT_VERSION = 1;
				DEVELOPMENT_TEAM = XQJ9FBTXC8;
				GENERATE_INFOPLIST_FILE = YES;
				INFOPLIST_FILE = WeRemember/Info.plist;
				INFOPLIST_KEY_UIApplicationSupportsIndirectInputEvents = YES;
				INFOPLIST_KEY_UILaunchStoryboardName = LaunchScreen;
				INFOPLIST_KEY_UIMainStoryboardFile = Main;
				INFOPLIST_KEY_UISupportedInterfaceOrientations_iPad = "UIInterfaceOrientationPortrait UIInterfaceOrientationPortraitUpsideDown UIInterfaceOrientationLandscapeLeft UIInterfaceOrientationLandscapeRight";
				INFOPLIST_KEY_UISupportedInterfaceOrientations_iPhone = "UIInterfaceOrientationPortrait UIInterfaceOrientationLandscapeLeft UIInterfaceOrientationLandscapeRight";
				LD_RUNPATH_SEARCH_PATHS = (
					"$(inherited)",
					"@executable_path/Frameworks",
				);
				MARKETING_VERSION = 1.0;
				PRODUCT_BUNDLE_IDENTIFIER = com.alicelee.weremember;
				PRODUCT_NAME = "$(TARGET_NAME)";
				SWIFT_EMIT_LOC_STRINGS = YES;
				SWIFT_VERSION = 5.0;
				TARGETED_DEVICE_FAMILY = "1,2";
			};
			name = Release;
		};
/* End XCBuildConfiguration section */

/* Begin XCConfigurationList section */
		379B09AF2921D99200FD32B0 /* Build configuration list for PBXProject "WeRemember" */ = {
			isa = XCConfigurationList;
			buildConfigurations = (
				379B09C92921D99200FD32B0 /* Debug */,
				379B09CA2921D99200FD32B0 /* Release */,
			);
			defaultConfigurationIsVisible = 0;
			defaultConfigurationName = Release;
		};
		379B09CB2921D99200FD32B0 /* Build configuration list for PBXNativeTarget "WeRemember" */ = {
			isa = XCConfigurationList;
			buildConfigurations = (
				379B09CC2921D99200FD32B0 /* Debug */,
				379B09CD2921D99200FD32B0 /* Release */,
			);
			defaultConfigurationIsVisible = 0;
			defaultConfigurationName = Release;
		};
/* End XCConfigurationList section */

/* Begin XCRemoteSwiftPackageReference section */
		370100FB292E43CD00C2D190 /* XCRemoteSwiftPackageReference "firebase-ios-sdk" */ = {
			isa = XCRemoteSwiftPackageReference;
			repositoryURL = "https://github.com/firebase/firebase-ios-sdk";
			requirement = {
				kind = upToNextMajorVersion;
				minimumVersion = 9.0.0;
			};
		};
		373B06B82926280300329EEC /* XCRemoteSwiftPackageReference "Charts" */ = {
			isa = XCRemoteSwiftPackageReference;
			repositoryURL = "https://github.com/danielgindi/Charts";
			requirement = {
				kind = upToNextMajorVersion;
				minimumVersion = 4.0.1;
			};
		};
/* End XCRemoteSwiftPackageReference section */

/* Begin XCSwiftPackageProductDependency section */
		370100FC292E43CD00C2D190 /* FirebaseAuth */ = {
			isa = XCSwiftPackageProductDependency;
			package = 370100FB292E43CD00C2D190 /* XCRemoteSwiftPackageReference "firebase-ios-sdk" */;
			productName = FirebaseAuth;
		};
		370100FE292E43CD00C2D190 /* FirebaseFirestoreSwift */ = {
			isa = XCSwiftPackageProductDependency;
			package = 370100FB292E43CD00C2D190 /* XCRemoteSwiftPackageReference "firebase-ios-sdk" */;
			productName = FirebaseFirestoreSwift;
		};
		37010100292E43CD00C2D190 /* FirebaseStorage */ = {
			isa = XCSwiftPackageProductDependency;
			package = 370100FB292E43CD00C2D190 /* XCRemoteSwiftPackageReference "firebase-ios-sdk" */;
			productName = FirebaseStorage;
		};
		373B06B92926280300329EEC /* Charts */ = {
			isa = XCSwiftPackageProductDependency;
			package = 373B06B82926280300329EEC /* XCRemoteSwiftPackageReference "Charts" */;
			productName = Charts;
		};
/* End XCSwiftPackageProductDependency section */

/* Begin XCVersionGroup section */
		379B09C02921D99200FD32B0 /* WeRemember.xcdatamodeld */ = {
			isa = XCVersionGroup;
			children = (
				379B09C12921D99200FD32B0 /* WeRemember.xcdatamodel */,
			);
			currentVersion = 379B09C12921D99200FD32B0 /* WeRemember.xcdatamodel */;
			path = WeRemember.xcdatamodeld;
			sourceTree = "<group>";
			versionGroupType = wrapper.xcdatamodel;
		};
/* End XCVersionGroup section */
	};
	rootObject = 379B09AC2921D99200FD32B0 /* Project object */;
}
